// !$*UTF8*$!
{
	archiveVersion = 1;
	classes = {
	};
	objectVersion = 56;
	objects = {

/* Begin PBXBuildFile section */
		A059AD2A2C5BC4F900A12DAB /* CountDownAppApp.swift in Sources */ = {isa = PBXBuildFile; fileRef = A059AD292C5BC4F900A12DAB /* CountDownAppApp.swift */; };
		A059AD2C2C5BC4F900A12DAB /* ContentView.swift in Sources */ = {isa = PBXBuildFile; fileRef = A059AD2B2C5BC4F900A12DAB /* ContentView.swift */; };
		A059AD2E2C5BC4F900A12DAB /* Item.swift in Sources */ = {isa = PBXBuildFile; fileRef = A059AD2D2C5BC4F900A12DAB /* Item.swift */; };
		A059AD302C5BC4FA00A12DAB /* Assets.xcassets in Resources */ = {isa = PBXBuildFile; fileRef = A059AD2F2C5BC4FA00A12DAB /* Assets.xcassets */; };
		A059AD332C5BC4FA00A12DAB /* Preview Assets.xcassets in Resources */ = {isa = PBXBuildFile; fileRef = A059AD322C5BC4FA00A12DAB /* Preview Assets.xcassets */; };
		A059AD3C2C5BEA2300A12DAB /* ItemList.swift in Sources */ = {isa = PBXBuildFile; fileRef = A059AD3B2C5BEA2300A12DAB /* ItemList.swift */; };
		A059AD3F2C5D38A600A12DAB /* ListRow.swift in Sources */ = {isa = PBXBuildFile; fileRef = A059AD3E2C5D38A600A12DAB /* ListRow.swift */; };
		A059AD422C5D39D300A12DAB /* ColorExtension.swift in Sources */ = {isa = PBXBuildFile; fileRef = A059AD412C5D39D300A12DAB /* ColorExtension.swift */; };
		A059AD442C5DD33A00A12DAB /* ListCard.swift in Sources */ = {isa = PBXBuildFile; fileRef = A059AD432C5DD33A00A12DAB /* ListCard.swift */; };
		A059AD462C5DD36C00A12DAB /* CircleSymbol.swift in Sources */ = {isa = PBXBuildFile; fileRef = A059AD452C5DD36C00A12DAB /* CircleSymbol.swift */; };
		A059AD482C5DED6900A12DAB /* NewItemListView.swift in Sources */ = {isa = PBXBuildFile; fileRef = A059AD472C5DED6900A12DAB /* NewItemListView.swift */; };
		A059AD4C2C5DEDAD00A12DAB /* DateFormatter.swift in Sources */ = {isa = PBXBuildFile; fileRef = A059AD4A2C5DEDAD00A12DAB /* DateFormatter.swift */; };
		A059AD4D2C5DEDAD00A12DAB /* SampleSymbol.swift in Sources */ = {isa = PBXBuildFile; fileRef = A059AD4B2C5DEDAD00A12DAB /* SampleSymbol.swift */; };
		A059AD4F2C5DF08600A12DAB /* ItemListView.swift in Sources */ = {isa = PBXBuildFile; fileRef = A059AD4E2C5DF08600A12DAB /* ItemListView.swift */; };
		A059AD512C5DF6AC00A12DAB /* SampleColor.swift in Sources */ = {isa = PBXBuildFile; fileRef = A059AD502C5DF6AC00A12DAB /* SampleColor.swift */; };
		A059AD532C5E833800A12DAB /* ItemListEditView.swift in Sources */ = {isa = PBXBuildFile; fileRef = A059AD522C5E833800A12DAB /* ItemListEditView.swift */; };
		A059AD552C5F647400A12DAB /* ItemListInfoView.swift in Sources */ = {isa = PBXBuildFile; fileRef = A059AD542C5F647400A12DAB /* ItemListInfoView.swift */; };
		A059AD572C5F649D00A12DAB /* ItemRow.swift in Sources */ = {isa = PBXBuildFile; fileRef = A059AD562C5F649D00A12DAB /* ItemRow.swift */; };
		A059AD592C5F64D100A12DAB /* CustomProgressView.swift in Sources */ = {isa = PBXBuildFile; fileRef = A059AD582C5F64D100A12DAB /* CustomProgressView.swift */; };
		A059AD5B2C5F693300A12DAB /* NewItemView.swift in Sources */ = {isa = PBXBuildFile; fileRef = A059AD5A2C5F693300A12DAB /* NewItemView.swift */; };
		A059AD5E2C5F69B200A12DAB /* SettingIconStyle.swift in Sources */ = {isa = PBXBuildFile; fileRef = A059AD5D2C5F69B200A12DAB /* SettingIconStyle.swift */; };
		A059AD632C5F6A8A00A12DAB /* RepeatEnum.swift in Sources */ = {isa = PBXBuildFile; fileRef = A059AD602C5F6A8A00A12DAB /* RepeatEnum.swift */; };
		A059AD642C5F6A8A00A12DAB /* Priority.swift in Sources */ = {isa = PBXBuildFile; fileRef = A059AD612C5F6A8A00A12DAB /* Priority.swift */; };
		A059AD652C5F6A8A00A12DAB /* Remind.swift in Sources */ = {isa = PBXBuildFile; fileRef = A059AD622C5F6A8A00A12DAB /* Remind.swift */; };
		A059AD6D2C6271DA00A12DAB /* LifeView.swift in Sources */ = {isa = PBXBuildFile; fileRef = A059AD6C2C6271DA00A12DAB /* LifeView.swift */; };
		A059AD6F2C638DE300A12DAB /* AllItemView.swift in Sources */ = {isa = PBXBuildFile; fileRef = A059AD6E2C638DE300A12DAB /* AllItemView.swift */; };
		A09AFE9E2C68C0A00034F9AF /* LifeInfoView.swift in Sources */ = {isa = PBXBuildFile; fileRef = A09AFE9D2C68C0A00034F9AF /* LifeInfoView.swift */; };
		A09AFEA02C6A62410034F9AF /* SectionHeaderStyle.swift in Sources */ = {isa = PBXBuildFile; fileRef = A09AFE9F2C6A62410034F9AF /* SectionHeaderStyle.swift */; };
		A09AFEA42C6B9D4B0034F9AF /* EventEditViewController.swift in Sources */ = {isa = PBXBuildFile; fileRef = A09AFEA32C6B9D4B0034F9AF /* EventEditViewController.swift */; };
		A09AFEA72C6BA26C0034F9AF /* AddLifeExpView.swift in Sources */ = {isa = PBXBuildFile; fileRef = A09AFEA62C6BA26C0034F9AF /* AddLifeExpView.swift */; };
		A09AFEA92C6E53FF0034F9AF /* SwiftUIView.swift in Sources */ = {isa = PBXBuildFile; fileRef = A09AFEA82C6E53FF0034F9AF /* SwiftUIView.swift */; };
		A09AFEAB2C6E55850034F9AF /* LocationService.swift in Sources */ = {isa = PBXBuildFile; fileRef = A09AFEAA2C6E55850034F9AF /* LocationService.swift */; };
		A09AFEAF2C71C7790034F9AF /* LocationSearchView.swift in Sources */ = {isa = PBXBuildFile; fileRef = A09AFEAE2C71C7790034F9AF /* LocationSearchView.swift */; };
		A09AFEB12C71D1B40034F9AF /* NewEventView.swift in Sources */ = {isa = PBXBuildFile; fileRef = A09AFEB02C71D1B40034F9AF /* NewEventView.swift */; };
		A09AFEB32C71D33D0034F9AF /* TextField+ClearButton.swift in Sources */ = {isa = PBXBuildFile; fileRef = A09AFEB22C71D33D0034F9AF /* TextField+ClearButton.swift */; };
		A0E893FB2C74E0F700BCDD9F /* EventModel.swift in Sources */ = {isa = PBXBuildFile; fileRef = A0E893FA2C74E0F700BCDD9F /* EventModel.swift */; };
		A0E893FF2C7F623800BCDD9F /* SectioinType.swift in Sources */ = {isa = PBXBuildFile; fileRef = A0E893FE2C7F623800BCDD9F /* SectioinType.swift */; };
/* End PBXBuildFile section */

/* Begin PBXFileReference section */
		A059AD262C5BC4F900A12DAB /* CountDownApp.app */ = {isa = PBXFileReference; explicitFileType = wrapper.application; includeInIndex = 0; path = CountDownApp.app; sourceTree = BUILT_PRODUCTS_DIR; };
		A059AD292C5BC4F900A12DAB /* CountDownAppApp.swift */ = {isa = PBXFileReference; lastKnownFileType = sourcecode.swift; path = CountDownAppApp.swift; sourceTree = "<group>"; };
		A059AD2B2C5BC4F900A12DAB /* ContentView.swift */ = {isa = PBXFileReference; lastKnownFileType = sourcecode.swift; path = ContentView.swift; sourceTree = "<group>"; };
		A059AD2D2C5BC4F900A12DAB /* Item.swift */ = {isa = PBXFileReference; lastKnownFileType = sourcecode.swift; path = Item.swift; sourceTree = "<group>"; };
		A059AD2F2C5BC4FA00A12DAB /* Assets.xcassets */ = {isa = PBXFileReference; lastKnownFileType = folder.assetcatalog; path = Assets.xcassets; sourceTree = "<group>"; };
		A059AD322C5BC4FA00A12DAB /* Preview Assets.xcassets */ = {isa = PBXFileReference; lastKnownFileType = folder.assetcatalog; path = "Preview Assets.xcassets"; sourceTree = "<group>"; };
		A059AD3B2C5BEA2300A12DAB /* ItemList.swift */ = {isa = PBXFileReference; lastKnownFileType = sourcecode.swift; path = ItemList.swift; sourceTree = "<group>"; };
		A059AD3E2C5D38A600A12DAB /* ListRow.swift */ = {isa = PBXFileReference; lastKnownFileType = sourcecode.swift; path = ListRow.swift; sourceTree = "<group>"; };
		A059AD412C5D39D300A12DAB /* ColorExtension.swift */ = {isa = PBXFileReference; lastKnownFileType = sourcecode.swift; path = ColorExtension.swift; sourceTree = "<group>"; };
		A059AD432C5DD33A00A12DAB /* ListCard.swift */ = {isa = PBXFileReference; lastKnownFileType = sourcecode.swift; path = ListCard.swift; sourceTree = "<group>"; };
		A059AD452C5DD36C00A12DAB /* CircleSymbol.swift */ = {isa = PBXFileReference; lastKnownFileType = sourcecode.swift; path = CircleSymbol.swift; sourceTree = "<group>"; };
		A059AD472C5DED6900A12DAB /* NewItemListView.swift */ = {isa = PBXFileReference; lastKnownFileType = sourcecode.swift; path = NewItemListView.swift; sourceTree = "<group>"; };
		A059AD4A2C5DEDAD00A12DAB /* DateFormatter.swift */ = {isa = PBXFileReference; fileEncoding = 4; lastKnownFileType = sourcecode.swift; path = DateFormatter.swift; sourceTree = "<group>"; };
		A059AD4B2C5DEDAD00A12DAB /* SampleSymbol.swift */ = {isa = PBXFileReference; fileEncoding = 4; lastKnownFileType = sourcecode.swift; path = SampleSymbol.swift; sourceTree = "<group>"; };
		A059AD4E2C5DF08600A12DAB /* ItemListView.swift */ = {isa = PBXFileReference; lastKnownFileType = sourcecode.swift; path = ItemListView.swift; sourceTree = "<group>"; };
		A059AD502C5DF6AC00A12DAB /* SampleColor.swift */ = {isa = PBXFileReference; lastKnownFileType = sourcecode.swift; path = SampleColor.swift; sourceTree = "<group>"; };
		A059AD522C5E833800A12DAB /* ItemListEditView.swift */ = {isa = PBXFileReference; lastKnownFileType = sourcecode.swift; path = ItemListEditView.swift; sourceTree = "<group>"; };
		A059AD542C5F647400A12DAB /* ItemListInfoView.swift */ = {isa = PBXFileReference; lastKnownFileType = sourcecode.swift; path = ItemListInfoView.swift; sourceTree = "<group>"; };
		A059AD562C5F649D00A12DAB /* ItemRow.swift */ = {isa = PBXFileReference; lastKnownFileType = sourcecode.swift; path = ItemRow.swift; sourceTree = "<group>"; };
		A059AD582C5F64D100A12DAB /* CustomProgressView.swift */ = {isa = PBXFileReference; fileEncoding = 4; lastKnownFileType = sourcecode.swift; path = CustomProgressView.swift; sourceTree = "<group>"; };
		A059AD5A2C5F693300A12DAB /* NewItemView.swift */ = {isa = PBXFileReference; lastKnownFileType = sourcecode.swift; path = NewItemView.swift; sourceTree = "<group>"; };
		A059AD5D2C5F69B200A12DAB /* SettingIconStyle.swift */ = {isa = PBXFileReference; lastKnownFileType = sourcecode.swift; path = SettingIconStyle.swift; sourceTree = "<group>"; };
		A059AD602C5F6A8A00A12DAB /* RepeatEnum.swift */ = {isa = PBXFileReference; fileEncoding = 4; lastKnownFileType = sourcecode.swift; path = RepeatEnum.swift; sourceTree = "<group>"; };
		A059AD612C5F6A8A00A12DAB /* Priority.swift */ = {isa = PBXFileReference; fileEncoding = 4; lastKnownFileType = sourcecode.swift; path = Priority.swift; sourceTree = "<group>"; };
		A059AD622C5F6A8A00A12DAB /* Remind.swift */ = {isa = PBXFileReference; fileEncoding = 4; lastKnownFileType = sourcecode.swift; path = Remind.swift; sourceTree = "<group>"; };
		A059AD6C2C6271DA00A12DAB /* LifeView.swift */ = {isa = PBXFileReference; lastKnownFileType = sourcecode.swift; path = LifeView.swift; sourceTree = "<group>"; };
		A059AD6E2C638DE300A12DAB /* AllItemView.swift */ = {isa = PBXFileReference; lastKnownFileType = sourcecode.swift; path = AllItemView.swift; sourceTree = "<group>"; };
		A09AFE9D2C68C0A00034F9AF /* LifeInfoView.swift */ = {isa = PBXFileReference; lastKnownFileType = sourcecode.swift; path = LifeInfoView.swift; sourceTree = "<group>"; };
		A09AFE9F2C6A62410034F9AF /* SectionHeaderStyle.swift */ = {isa = PBXFileReference; lastKnownFileType = sourcecode.swift; path = SectionHeaderStyle.swift; sourceTree = "<group>"; };
		A09AFEA32C6B9D4B0034F9AF /* EventEditViewController.swift */ = {isa = PBXFileReference; fileEncoding = 4; lastKnownFileType = sourcecode.swift; path = EventEditViewController.swift; sourceTree = "<group>"; };
		A09AFEA52C6BA0960034F9AF /* Info.plist */ = {isa = PBXFileReference; lastKnownFileType = text.plist; path = Info.plist; sourceTree = "<group>"; };
		A09AFEA62C6BA26C0034F9AF /* AddLifeExpView.swift */ = {isa = PBXFileReference; lastKnownFileType = sourcecode.swift; path = AddLifeExpView.swift; sourceTree = "<group>"; };
		A09AFEA82C6E53FF0034F9AF /* SwiftUIView.swift */ = {isa = PBXFileReference; lastKnownFileType = sourcecode.swift; path = SwiftUIView.swift; sourceTree = "<group>"; };
		A09AFEAA2C6E55850034F9AF /* LocationService.swift */ = {isa = PBXFileReference; lastKnownFileType = sourcecode.swift; path = LocationService.swift; sourceTree = "<group>"; };
		A09AFEAE2C71C7790034F9AF /* LocationSearchView.swift */ = {isa = PBXFileReference; lastKnownFileType = sourcecode.swift; path = LocationSearchView.swift; sourceTree = "<group>"; };
		A09AFEB02C71D1B40034F9AF /* NewEventView.swift */ = {isa = PBXFileReference; lastKnownFileType = sourcecode.swift; path = NewEventView.swift; sourceTree = "<group>"; };
		A09AFEB22C71D33D0034F9AF /* TextField+ClearButton.swift */ = {isa = PBXFileReference; lastKnownFileType = sourcecode.swift; path = "TextField+ClearButton.swift"; sourceTree = "<group>"; };
		A0E893FA2C74E0F700BCDD9F /* EventModel.swift */ = {isa = PBXFileReference; lastKnownFileType = sourcecode.swift; path = EventModel.swift; sourceTree = "<group>"; };
		A0E893FE2C7F623800BCDD9F /* SectioinType.swift */ = {isa = PBXFileReference; lastKnownFileType = sourcecode.swift; path = SectioinType.swift; sourceTree = "<group>"; };
/* End PBXFileReference section */

/* Begin PBXFrameworksBuildPhase section */
		A059AD232C5BC4F900A12DAB /* Frameworks */ = {
			isa = PBXFrameworksBuildPhase;
			buildActionMask = 2147483647;
			files = (
			);
			runOnlyForDeploymentPostprocessing = 0;
		};
/* End PBXFrameworksBuildPhase section */

/* Begin PBXGroup section */
		A059AD1D2C5BC4F900A12DAB = {
			isa = PBXGroup;
			children = (
				A059AD282C5BC4F900A12DAB /* CountDownApp */,
				A059AD272C5BC4F900A12DAB /* Products */,
			);
			sourceTree = "<group>";
		};
		A059AD272C5BC4F900A12DAB /* Products */ = {
			isa = PBXGroup;
			children = (
				A059AD262C5BC4F900A12DAB /* CountDownApp.app */,
			);
			name = Products;
			sourceTree = "<group>";
		};
		A059AD282C5BC4F900A12DAB /* CountDownApp */ = {
			isa = PBXGroup;
			children = (
				A09AFEA52C6BA0960034F9AF /* Info.plist */,
				A059AD5F2C5F6A8A00A12DAB /* enum */,
				A059AD5C2C5F699100A12DAB /* style */,
				A059AD492C5DEDAD00A12DAB /* util */,
				A059AD402C5D393600A12DAB /* extension */,
				A059AD3D2C5D387700A12DAB /* component */,
				A059AD3A2C5BC74A00A12DAB /* model */,
				A059AD392C5BC6D800A12DAB /* view */,
				A059AD292C5BC4F900A12DAB /* CountDownAppApp.swift */,
				A059AD2B2C5BC4F900A12DAB /* ContentView.swift */,
				A059AD2F2C5BC4FA00A12DAB /* Assets.xcassets */,
				A059AD312C5BC4FA00A12DAB /* Preview Content */,
			);
			path = CountDownApp;
			sourceTree = "<group>";
		};
		A059AD312C5BC4FA00A12DAB /* Preview Content */ = {
			isa = PBXGroup;
			children = (
				A059AD322C5BC4FA00A12DAB /* Preview Assets.xcassets */,
			);
			path = "Preview Content";
			sourceTree = "<group>";
		};
		A059AD392C5BC6D800A12DAB /* view */ = {
			isa = PBXGroup;
			children = (
				A059AD6C2C6271DA00A12DAB /* LifeView.swift */,
				A059AD4E2C5DF08600A12DAB /* ItemListView.swift */,
				A059AD472C5DED6900A12DAB /* NewItemListView.swift */,
				A059AD522C5E833800A12DAB /* ItemListEditView.swift */,
				A059AD542C5F647400A12DAB /* ItemListInfoView.swift */,
				A059AD5A2C5F693300A12DAB /* NewItemView.swift */,
				A059AD6E2C638DE300A12DAB /* AllItemView.swift */,
				A09AFE9D2C68C0A00034F9AF /* LifeInfoView.swift */,
				A09AFEA62C6BA26C0034F9AF /* AddLifeExpView.swift */,
				A09AFEA82C6E53FF0034F9AF /* SwiftUIView.swift */,
				A09AFEAE2C71C7790034F9AF /* LocationSearchView.swift */,
				A09AFEB02C71D1B40034F9AF /* NewEventView.swift */,
			);
			path = view;
			sourceTree = "<group>";
		};
		A059AD3A2C5BC74A00A12DAB /* model */ = {
			isa = PBXGroup;
			children = (
				A059AD2D2C5BC4F900A12DAB /* Item.swift */,
				A059AD3B2C5BEA2300A12DAB /* ItemList.swift */,
				A0E893FA2C74E0F700BCDD9F /* EventModel.swift */,
			);
			path = model;
			sourceTree = "<group>";
		};
		A059AD3D2C5D387700A12DAB /* component */ = {
			isa = PBXGroup;
			children = (
				A059AD582C5F64D100A12DAB /* CustomProgressView.swift */,
				A059AD3E2C5D38A600A12DAB /* ListRow.swift */,
				A059AD432C5DD33A00A12DAB /* ListCard.swift */,
				A059AD452C5DD36C00A12DAB /* CircleSymbol.swift */,
				A059AD562C5F649D00A12DAB /* ItemRow.swift */,
			);
			path = component;
			sourceTree = "<group>";
		};
		A059AD402C5D393600A12DAB /* extension */ = {
			isa = PBXGroup;
			children = (
				A09AFEA32C6B9D4B0034F9AF /* EventEditViewController.swift */,
				A059AD412C5D39D300A12DAB /* ColorExtension.swift */,
			);
			path = extension;
			sourceTree = "<group>";
		};
		A059AD492C5DEDAD00A12DAB /* util */ = {
			isa = PBXGroup;
			children = (
				A059AD4A2C5DEDAD00A12DAB /* DateFormatter.swift */,
				A059AD4B2C5DEDAD00A12DAB /* SampleSymbol.swift */,
				A059AD502C5DF6AC00A12DAB /* SampleColor.swift */,
				A09AFEAA2C6E55850034F9AF /* LocationService.swift */,
			);
			name = util;
			path = ../../CountDown/CountDown/util;
			sourceTree = "<group>";
		};
		A059AD5C2C5F699100A12DAB /* style */ = {
			isa = PBXGroup;
			children = (
				A059AD5D2C5F69B200A12DAB /* SettingIconStyle.swift */,
				A09AFE9F2C6A62410034F9AF /* SectionHeaderStyle.swift */,
				A09AFEB22C71D33D0034F9AF /* TextField+ClearButton.swift */,
			);
			path = style;
			sourceTree = "<group>";
		};
		A059AD5F2C5F6A8A00A12DAB /* enum */ = {
			isa = PBXGroup;
			children = (
				A059AD602C5F6A8A00A12DAB /* RepeatEnum.swift */,
				A059AD612C5F6A8A00A12DAB /* Priority.swift */,
				A059AD622C5F6A8A00A12DAB /* Remind.swift */,
				A0E893FE2C7F623800BCDD9F /* SectioinType.swift */,
			);
			path = enum;
			sourceTree = "<group>";
		};
/* End PBXGroup section */

/* Begin PBXNativeTarget section */
		A059AD252C5BC4F900A12DAB /* CountDownApp */ = {
			isa = PBXNativeTarget;
			buildConfigurationList = A059AD362C5BC4FA00A12DAB /* Build configuration list for PBXNativeTarget "CountDownApp" */;
			buildPhases = (
				A059AD222C5BC4F900A12DAB /* Sources */,
				A059AD232C5BC4F900A12DAB /* Frameworks */,
				A059AD242C5BC4F900A12DAB /* Resources */,
			);
			buildRules = (
			);
			dependencies = (
			);
			name = CountDownApp;
			productName = CountDownApp;
			productReference = A059AD262C5BC4F900A12DAB /* CountDownApp.app */;
			productType = "com.apple.product-type.application";
		};
/* End PBXNativeTarget section */

/* Begin PBXProject section */
		A059AD1E2C5BC4F900A12DAB /* Project object */ = {
			isa = PBXProject;
			attributes = {
				BuildIndependentTargetsInParallel = 1;
				LastSwiftUpdateCheck = 1500;
				LastUpgradeCheck = 1500;
				TargetAttributes = {
					A059AD252C5BC4F900A12DAB = {
						CreatedOnToolsVersion = 15.0.1;
					};
				};
			};
			buildConfigurationList = A059AD212C5BC4F900A12DAB /* Build configuration list for PBXProject "CountDownApp" */;
			compatibilityVersion = "Xcode 14.0";
			developmentRegion = en;
			hasScannedForEncodings = 0;
			knownRegions = (
				en,
				Base,
			);
			mainGroup = A059AD1D2C5BC4F900A12DAB;
			productRefGroup = A059AD272C5BC4F900A12DAB /* Products */;
			projectDirPath = "";
			projectRoot = "";
			targets = (
				A059AD252C5BC4F900A12DAB /* CountDownApp */,
			);
		};
/* End PBXProject section */

/* Begin PBXResourcesBuildPhase section */
		A059AD242C5BC4F900A12DAB /* Resources */ = {
			isa = PBXResourcesBuildPhase;
			buildActionMask = 2147483647;
			files = (
				A059AD332C5BC4FA00A12DAB /* Preview Assets.xcassets in Resources */,
				A059AD302C5BC4FA00A12DAB /* Assets.xcassets in Resources */,
			);
			runOnlyForDeploymentPostprocessing = 0;
		};
/* End PBXResourcesBuildPhase section */

/* Begin PBXSourcesBuildPhase section */
		A059AD222C5BC4F900A12DAB /* Sources */ = {
			isa = PBXSourcesBuildPhase;
			buildActionMask = 2147483647;
			files = (
				A059AD5B2C5F693300A12DAB /* NewItemView.swift in Sources */,
				A09AFEA02C6A62410034F9AF /* SectionHeaderStyle.swift in Sources */,
				A059AD632C5F6A8A00A12DAB /* RepeatEnum.swift in Sources */,
				A059AD642C5F6A8A00A12DAB /* Priority.swift in Sources */,
				A09AFEA42C6B9D4B0034F9AF /* EventEditViewController.swift in Sources */,
				A059AD4D2C5DEDAD00A12DAB /* SampleSymbol.swift in Sources */,
				A059AD6F2C638DE300A12DAB /* AllItemView.swift in Sources */,
				A09AFEAF2C71C7790034F9AF /* LocationSearchView.swift in Sources */,
				A059AD3C2C5BEA2300A12DAB /* ItemList.swift in Sources */,
				A059AD2C2C5BC4F900A12DAB /* ContentView.swift in Sources */,
				A059AD442C5DD33A00A12DAB /* ListCard.swift in Sources */,
				A059AD2E2C5BC4F900A12DAB /* Item.swift in Sources */,
				A059AD4C2C5DEDAD00A12DAB /* DateFormatter.swift in Sources */,
				A09AFEA72C6BA26C0034F9AF /* AddLifeExpView.swift in Sources */,
				A059AD6D2C6271DA00A12DAB /* LifeView.swift in Sources */,
				A09AFEA92C6E53FF0034F9AF /* SwiftUIView.swift in Sources */,
				A059AD482C5DED6900A12DAB /* NewItemListView.swift in Sources */,
				A059AD592C5F64D100A12DAB /* CustomProgressView.swift in Sources */,
				A0E893FB2C74E0F700BCDD9F /* EventModel.swift in Sources */,
				A059AD532C5E833800A12DAB /* ItemListEditView.swift in Sources */,
				A059AD552C5F647400A12DAB /* ItemListInfoView.swift in Sources */,
				A09AFEB32C71D33D0034F9AF /* TextField+ClearButton.swift in Sources */,
				A059AD512C5DF6AC00A12DAB /* SampleColor.swift in Sources */,
				A059AD652C5F6A8A00A12DAB /* Remind.swift in Sources */,
				A09AFE9E2C68C0A00034F9AF /* LifeInfoView.swift in Sources */,
				A09AFEB12C71D1B40034F9AF /* NewEventView.swift in Sources */,
				A059AD5E2C5F69B200A12DAB /* SettingIconStyle.swift in Sources */,
				A059AD4F2C5DF08600A12DAB /* ItemListView.swift in Sources */,
				A059AD422C5D39D300A12DAB /* ColorExtension.swift in Sources */,
				A059AD462C5DD36C00A12DAB /* CircleSymbol.swift in Sources */,
				A059AD2A2C5BC4F900A12DAB /* CountDownAppApp.swift in Sources */,
				A059AD3F2C5D38A600A12DAB /* ListRow.swift in Sources */,
				A0E893FF2C7F623800BCDD9F /* SectioinType.swift in Sources */,
				A059AD572C5F649D00A12DAB /* ItemRow.swift in Sources */,
				A09AFEAB2C6E55850034F9AF /* LocationService.swift in Sources */,
			);
			runOnlyForDeploymentPostprocessing = 0;
		};
/* End PBXSourcesBuildPhase section */

/* Begin XCBuildConfiguration section */
		A059AD342C5BC4FA00A12DAB /* Debug */ = {
			isa = XCBuildConfiguration;
			buildSettings = {
				ALWAYS_SEARCH_USER_PATHS = NO;
				ASSETCATALOG_COMPILER_GENERATE_SWIFT_ASSET_SYMBOL_EXTENSIONS = YES;
				CLANG_ANALYZER_NONNULL = YES;
				CLANG_ANALYZER_NUMBER_OBJECT_CONVERSION = YES_AGGRESSIVE;
				CLANG_CXX_LANGUAGE_STANDARD = "gnu++20";
				CLANG_ENABLE_MODULES = YES;
				CLANG_ENABLE_OBJC_ARC = YES;
				CLANG_ENABLE_OBJC_WEAK = YES;
				CLANG_WARN_BLOCK_CAPTURE_AUTORELEASING = YES;
				CLANG_WARN_BOOL_CONVERSION = YES;
				CLANG_WARN_COMMA = YES;
				CLANG_WARN_CONSTANT_CONVERSION = YES;
				CLANG_WARN_DEPRECATED_OBJC_IMPLEMENTATIONS = YES;
				CLANG_WARN_DIRECT_OBJC_ISA_USAGE = YES_ERROR;
				CLANG_WARN_DOCUMENTATION_COMMENTS = YES;
				CLANG_WARN_EMPTY_BODY = YES;
				CLANG_WARN_ENUM_CONVERSION = YES;
				CLANG_WARN_INFINITE_RECURSION = YES;
				CLANG_WARN_INT_CONVERSION = YES;
				CLANG_WARN_NON_LITERAL_NULL_CONVERSION = YES;
				CLANG_WARN_OBJC_IMPLICIT_RETAIN_SELF = YES;
				CLANG_WARN_OBJC_LITERAL_CONVERSION = YES;
				CLANG_WARN_OBJC_ROOT_CLASS = YES_ERROR;
				CLANG_WARN_QUOTED_INCLUDE_IN_FRAMEWORK_HEADER = YES;
				CLANG_WARN_RANGE_LOOP_ANALYSIS = YES;
				CLANG_WARN_STRICT_PROTOTYPES = YES;
				CLANG_WARN_SUSPICIOUS_MOVE = YES;
				CLANG_WARN_UNGUARDED_AVAILABILITY = YES_AGGRESSIVE;
				CLANG_WARN_UNREACHABLE_CODE = YES;
				CLANG_WARN__DUPLICATE_METHOD_MATCH = YES;
				COPY_PHASE_STRIP = NO;
				DEBUG_INFORMATION_FORMAT = dwarf;
				ENABLE_STRICT_OBJC_MSGSEND = YES;
				ENABLE_TESTABILITY = YES;
				ENABLE_USER_SCRIPT_SANDBOXING = YES;
				GCC_C_LANGUAGE_STANDARD = gnu17;
				GCC_DYNAMIC_NO_PIC = NO;
				GCC_NO_COMMON_BLOCKS = YES;
				GCC_OPTIMIZATION_LEVEL = 0;
				GCC_PREPROCESSOR_DEFINITIONS = (
					"DEBUG=1",
					"$(inherited)",
				);
				GCC_WARN_64_TO_32_BIT_CONVERSION = YES;
				GCC_WARN_ABOUT_RETURN_TYPE = YES_ERROR;
				GCC_WARN_UNDECLARED_SELECTOR = YES;
				GCC_WARN_UNINITIALIZED_AUTOS = YES_AGGRESSIVE;
				GCC_WARN_UNUSED_FUNCTION = YES;
				GCC_WARN_UNUSED_VARIABLE = YES;
				IPHONEOS_DEPLOYMENT_TARGET = 17.0;
				LOCALIZATION_PREFERS_STRING_CATALOGS = YES;
				MTL_ENABLE_DEBUG_INFO = INCLUDE_SOURCE;
				MTL_FAST_MATH = YES;
				ONLY_ACTIVE_ARCH = YES;
				SDKROOT = iphoneos;
				SWIFT_ACTIVE_COMPILATION_CONDITIONS = "DEBUG $(inherited)";
				SWIFT_OPTIMIZATION_LEVEL = "-Onone";
			};
			name = Debug;
		};
		A059AD352C5BC4FA00A12DAB /* Release */ = {
			isa = XCBuildConfiguration;
			buildSettings = {
				ALWAYS_SEARCH_USER_PATHS = NO;
				ASSETCATALOG_COMPILER_GENERATE_SWIFT_ASSET_SYMBOL_EXTENSIONS = YES;
				CLANG_ANALYZER_NONNULL = YES;
				CLANG_ANALYZER_NUMBER_OBJECT_CONVERSION = YES_AGGRESSIVE;
				CLANG_CXX_LANGUAGE_STANDARD = "gnu++20";
				CLANG_ENABLE_MODULES = YES;
				CLANG_ENABLE_OBJC_ARC = YES;
				CLANG_ENABLE_OBJC_WEAK = YES;
				CLANG_WARN_BLOCK_CAPTURE_AUTORELEASING = YES;
				CLANG_WARN_BOOL_CONVERSION = YES;
				CLANG_WARN_COMMA = YES;
				CLANG_WARN_CONSTANT_CONVERSION = YES;
				CLANG_WARN_DEPRECATED_OBJC_IMPLEMENTATIONS = YES;
				CLANG_WARN_DIRECT_OBJC_ISA_USAGE = YES_ERROR;
				CLANG_WARN_DOCUMENTATION_COMMENTS = YES;
				CLANG_WARN_EMPTY_BODY = YES;
				CLANG_WARN_ENUM_CONVERSION = YES;
				CLANG_WARN_INFINITE_RECURSION = YES;
				CLANG_WARN_INT_CONVERSION = YES;
				CLANG_WARN_NON_LITERAL_NULL_CONVERSION = YES;
				CLANG_WARN_OBJC_IMPLICIT_RETAIN_SELF = YES;
				CLANG_WARN_OBJC_LITERAL_CONVERSION = YES;
				CLANG_WARN_OBJC_ROOT_CLASS = YES_ERROR;
				CLANG_WARN_QUOTED_INCLUDE_IN_FRAMEWORK_HEADER = YES;
				CLANG_WARN_RANGE_LOOP_ANALYSIS = YES;
				CLANG_WARN_STRICT_PROTOTYPES = YES;
				CLANG_WARN_SUSPICIOUS_MOVE = YES;
				CLANG_WARN_UNGUARDED_AVAILABILITY = YES_AGGRESSIVE;
				CLANG_WARN_UNREACHABLE_CODE = YES;
				CLANG_WARN__DUPLICATE_METHOD_MATCH = YES;
				COPY_PHASE_STRIP = NO;
				DEBUG_INFORMATION_FORMAT = "dwarf-with-dsym";
				ENABLE_NS_ASSERTIONS = NO;
				ENABLE_STRICT_OBJC_MSGSEND = YES;
				ENABLE_USER_SCRIPT_SANDBOXING = YES;
				GCC_C_LANGUAGE_STANDARD = gnu17;
				GCC_NO_COMMON_BLOCKS = YES;
				GCC_WARN_64_TO_32_BIT_CONVERSION = YES;
				GCC_WARN_ABOUT_RETURN_TYPE = YES_ERROR;
				GCC_WARN_UNDECLARED_SELECTOR = YES;
				GCC_WARN_UNINITIALIZED_AUTOS = YES_AGGRESSIVE;
				GCC_WARN_UNUSED_FUNCTION = YES;
				GCC_WARN_UNUSED_VARIABLE = YES;
				IPHONEOS_DEPLOYMENT_TARGET = 17.0;
				LOCALIZATION_PREFERS_STRING_CATALOGS = YES;
				MTL_ENABLE_DEBUG_INFO = NO;
				MTL_FAST_MATH = YES;
				SDKROOT = iphoneos;
				SWIFT_COMPILATION_MODE = wholemodule;
				VALIDATE_PRODUCT = YES;
			};
			name = Release;
		};
		A059AD372C5BC4FA00A12DAB /* Debug */ = {
			isa = XCBuildConfiguration;
			buildSettings = {
				ASSETCATALOG_COMPILER_APPICON_NAME = AppIcon;
				ASSETCATALOG_COMPILER_GLOBAL_ACCENT_COLOR_NAME = AccentColor;
				CODE_SIGN_STYLE = Automatic;
				CURRENT_PROJECT_VERSION = 1;
				DEVELOPMENT_ASSET_PATHS = "\"CountDownApp/Preview Content\"";
				ENABLE_PREVIEWS = YES;
				GENERATE_INFOPLIST_FILE = YES;
				INFOPLIST_FILE = CountDownApp/Info.plist;
				INFOPLIST_KEY_NSCalendarsUsageDescription = "I want use your calendar";
				INFOPLIST_KEY_UIApplicationSceneManifest_Generation = YES;
				INFOPLIST_KEY_UIApplicationSupportsIndirectInputEvents = YES;
				INFOPLIST_KEY_UILaunchScreen_Generation = YES;
				INFOPLIST_KEY_UISupportedInterfaceOrientations_iPad = "UIInterfaceOrientationPortrait UIInterfaceOrientationPortraitUpsideDown UIInterfaceOrientationLandscapeLeft UIInterfaceOrientationLandscapeRight";
				INFOPLIST_KEY_UISupportedInterfaceOrientations_iPhone = "UIInterfaceOrientationPortrait UIInterfaceOrientationLandscapeLeft UIInterfaceOrientationLandscapeRight";
				LD_RUNPATH_SEARCH_PATHS = (
					"$(inherited)",
					"@executable_path/Frameworks",
				);
				MARKETING_VERSION = 1.0;
				PRODUCT_BUNDLE_IDENTIFIER = com.tm.CountDownApp;
				PRODUCT_NAME = "$(TARGET_NAME)";
				SWIFT_EMIT_LOC_STRINGS = YES;
				SWIFT_VERSION = 5.0;
				TARGETED_DEVICE_FAMILY = "1,2";
			};
			name = Debug;
		};
		A059AD382C5BC4FA00A12DAB /* Release */ = {
			isa = XCBuildConfiguration;
			buildSettings = {
				ASSETCATALOG_COMPILER_APPICON_NAME = AppIcon;
				ASSETCATALOG_COMPILER_GLOBAL_ACCENT_COLOR_NAME = AccentColor;
				CODE_SIGN_STYLE = Automatic;
				CURRENT_PROJECT_VERSION = 1;
				DEVELOPMENT_ASSET_PATHS = "\"CountDownApp/Preview Content\"";
				ENABLE_PREVIEWS = YES;
				GENERATE_INFOPLIST_FILE = YES;
				INFOPLIST_FILE = CountDownApp/Info.plist;
				INFOPLIST_KEY_NSCalendarsUsageDescription = "I want use your calendar";
				INFOPLIST_KEY_UIApplicationSceneManifest_Generation = YES;
				INFOPLIST_KEY_UIApplicationSupportsIndirectInputEvents = YES;
				INFOPLIST_KEY_UILaunchScreen_Generation = YES;
				INFOPLIST_KEY_UISupportedInterfaceOrientations_iPad = "UIInterfaceOrientationPortrait UIInterfaceOrientationPortraitUpsideDown UIInterfaceOrientationLandscapeLeft UIInterfaceOrientationLandscapeRight";
				INFOPLIST_KEY_UISupportedInterfaceOrientations_iPhone = "UIInterfaceOrientationPortrait UIInterfaceOrientationLandscapeLeft UIInterfaceOrientationLandscapeRight";
				LD_RUNPATH_SEARCH_PATHS = (
					"$(inherited)",
					"@executable_path/Frameworks",
				);
				MARKETING_VERSION = 1.0;
				PRODUCT_BUNDLE_IDENTIFIER = com.tm.CountDownApp;
				PRODUCT_NAME = "$(TARGET_NAME)";
				SWIFT_EMIT_LOC_STRINGS = YES;
				SWIFT_VERSION = 5.0;
				TARGETED_DEVICE_FAMILY = "1,2";
			};
			name = Release;
		};
/* End XCBuildConfiguration section */

/* Begin XCConfigurationList section */
		A059AD212C5BC4F900A12DAB /* Build configuration list for PBXProject "CountDownApp" */ = {
			isa = XCConfigurationList;
			buildConfigurations = (
				A059AD342C5BC4FA00A12DAB /* Debug */,
				A059AD352C5BC4FA00A12DAB /* Release */,
			);
			defaultConfigurationIsVisible = 0;
			defaultConfigurationName = Release;
		};
		A059AD362C5BC4FA00A12DAB /* Build configuration list for PBXNativeTarget "CountDownApp" */ = {
			isa = XCConfigurationList;
			buildConfigurations = (
				A059AD372C5BC4FA00A12DAB /* Debug */,
				A059AD382C5BC4FA00A12DAB /* Release */,
			);
			defaultConfigurationIsVisible = 0;
			defaultConfigurationName = Release;
		};
/* End XCConfigurationList section */
	};
	rootObject = A059AD1E2C5BC4F900A12DAB /* Project object */;
}
